
Microsoft Visual Studio Solution File, Format Version 12.00
# Visual Studio Version 17
VisualStudioVersion = 17.3.32825.248
MinimumVisualStudioVersion = 10.0.40219.1
Project("{FAE04EC0-301F-11D3-BF4B-00C04F79EFBC}") = "Lab6", "Lab6.csproj", "{5DD1C282-2E82-4BA5-80D9-BE562DBC1B5E}"
EndProject
Global
	GlobalSection(SolutionConfigurationPlatforms) = preSolution
		Debug|Any CPU = Debug|Any CPU
		Release|Any CPU = Release|Any CPU
	EndGlobalSection
	GlobalSection(ProjectConfigurationPlatforms) = postSolution
		{5DD1C282-2E82-4BA5-80D9-BE562DBC1B5E}.Debug|Any CPU.ActiveCfg = Debug|Any CPU
		{5DD1C282-2E82-4BA5-80D9-BE562DBC1B5E}.Debug|Any CPU.Build.0 = Debug|Any CPU
		{5DD1C282-2E82-4BA5-80D9-BE562DBC1B5E}.Release|Any CPU.ActiveCfg = Release|Any CPU
		{5DD1C282-2E82-4BA5-80D9-BE562DBC1B5E}.Release|Any CPU.Build.0 = Release|Any CPU
	EndGlobalSection
	GlobalSection(SolutionProperties) = preSolution
		HideSolutionNode = FALSE
	EndGlobalSection
	GlobalSection(ExtensibilityGlobals) = postSolution
		SolutionGuid = {0FAA5A6C-EA4A-44EB-BA93-61FB988C286F}
	EndGlobalSection
EndGlobal
